
Microsoft Visual Studio Solution File, Format Version 12.00
# Visual Studio 15
VisualStudioVersion = 15.0.28010.2050
MinimumVisualStudioVersion = 10.0.40219.1
Project("{FAE04EC0-301F-11D3-BF4B-00C04F79EFBC}") = "CarMaintenance.Android", "CarMaintenance\CarMaintenance.Android\CarMaintenance.Android.csproj", "{C65AD7D8-7FCD-4DA9-8D05-24D6D08B7945}"
EndProject
Project("{FAE04EC0-301F-11D3-BF4B-00C04F79EFBC}") = "CarMaintenance.iOS", "CarMaintenance\CarMaintenance.iOS\CarMaintenance.iOS.csproj", "{FD1442B9-3C00-4C1D-86DC-1A18131F882A}"
EndProject
Project("{FAE04EC0-301F-11D3-BF4B-00C04F79EFBC}") = "CarMaintenance.UWP", "CarMaintenance\CarMaintenance.UWP\CarMaintenance.UWP.csproj", "{8C3208E0-B69D-4B04-941E-3768E28B6E41}"
EndProject
Project("{FAE04EC0-301F-11D3-BF4B-00C04F79EFBC}") = "CarMaintenance", "CarMaintenance\CarMaintenance\CarMaintenance.csproj", "{153E3C30-ED14-49F8-80FC-5248F62797FC}"
EndProject
Global
	GlobalSection(SolutionConfigurationPlatforms) = preSolution
		Ad-Hoc|Any CPU = Ad-Hoc|Any CPU
		Ad-Hoc|ARM = Ad-Hoc|ARM
		Ad-Hoc|iPhone = Ad-Hoc|iPhone
		Ad-Hoc|iPhoneSimulator = Ad-Hoc|iPhoneSimulator
		Ad-Hoc|x64 = Ad-Hoc|x64
		Ad-Hoc|x86 = Ad-Hoc|x86
		AppStore|Any CPU = AppStore|Any CPU
		AppStore|ARM = AppStore|ARM
		AppStore|iPhone = AppStore|iPhone
		AppStore|iPhoneSimulator = AppStore|iPhoneSimulator
		AppStore|x64 = AppStore|x64
		AppStore|x86 = AppStore|x86
		Debug|Any CPU = Debug|Any CPU
		Debug|ARM = Debug|ARM
		Debug|iPhone = Debug|iPhone
		Debug|iPhoneSimulator = Debug|iPhoneSimulator
		Debug|x64 = Debug|x64
		Debug|x86 = Debug|x86
		Release|Any CPU = Release|Any CPU
		Release|ARM = Release|ARM
		Release|iPhone = Release|iPhone
		Release|iPhoneSimulator = Release|iPhoneSimulator
		Release|x64 = Release|x64
		Release|x86 = Release|x86
	EndGlobalSection
	GlobalSection(ProjectConfigurationPlatforms) = postSolution
		{C65AD7D8-7FCD-4DA9-8D05-24D6D08B7945}.Ad-Hoc|Any CPU.ActiveCfg = Release|Any CPU
		{C65AD7D8-7FCD-4DA9-8D05-24D6D08B7945}.Ad-Hoc|Any CPU.Build.0 = Release|Any CPU
		{C65AD7D8-7FCD-4DA9-8D05-24D6D08B7945}.Ad-Hoc|Any CPU.Deploy.0 = Release|Any CPU
		{C65AD7D8-7FCD-4DA9-8D05-24D6D08B7945}.Ad-Hoc|ARM.ActiveCfg = Release|Any CPU
		{C65AD7D8-7FCD-4DA9-8D05-24D6D08B7945}.Ad-Hoc|ARM.Build.0 = Release|Any CPU
		{C65AD7D8-7FCD-4DA9-8D05-24D6D08B7945}.Ad-Hoc|ARM.Deploy.0 = Release|Any CPU
		{C65AD7D8-7FCD-4DA9-8D05-24D6D08B7945}.Ad-Hoc|iPhone.ActiveCfg = Release|Any CPU
		{C65AD7D8-7FCD-4DA9-8D05-24D6D08B7945}.Ad-Hoc|iPhone.Build.0 = Release|Any CPU
		{C65AD7D8-7FCD-4DA9-8D05-24D6D08B7945}.Ad-Hoc|iPhone.Deploy.0 = Release|Any CPU
		{C65AD7D8-7FCD-4DA9-8D05-24D6D08B7945}.Ad-Hoc|iPhoneSimulator.ActiveCfg = Release|Any CPU
		{C65AD7D8-7FCD-4DA9-8D05-24D6D08B7945}.Ad-Hoc|iPhoneSimulator.Build.0 = Release|Any CPU
		{C65AD7D8-7FCD-4DA9-8D05-24D6D08B7945}.Ad-Hoc|iPhoneSimulator.Deploy.0 = Release|Any CPU
		{C65AD7D8-7FCD-4DA9-8D05-24D6D08B7945}.Ad-Hoc|x64.ActiveCfg = Release|Any CPU
		{C65AD7D8-7FCD-4DA9-8D05-24D6D08B7945}.Ad-Hoc|x64.Build.0 = Release|Any CPU
		{C65AD7D8-7FCD-4DA9-8D05-24D6D08B7945}.Ad-Hoc|x64.Deploy.0 = Release|Any CPU
		{C65AD7D8-7FCD-4DA9-8D05-24D6D08B7945}.Ad-Hoc|x86.ActiveCfg = Release|Any CPU
		{C65AD7D8-7FCD-4DA9-8D05-24D6D08B7945}.Ad-Hoc|x86.Build.0 = Release|Any CPU
		{C65AD7D8-7FCD-4DA9-8D05-24D6D08B7945}.Ad-Hoc|x86.Deploy.0 = Release|Any CPU
		{C65AD7D8-7FCD-4DA9-8D05-24D6D08B7945}.AppStore|Any CPU.ActiveCfg = Release|Any CPU
		{C65AD7D8-7FCD-4DA9-8D05-24D6D08B7945}.AppStore|Any CPU.Build.0 = Release|Any CPU
		{C65AD7D8-7FCD-4DA9-8D05-24D6D08B7945}.AppStore|Any CPU.Deploy.0 = Release|Any CPU
		{C65AD7D8-7FCD-4DA9-8D05-24D6D08B7945}.AppStore|ARM.ActiveCfg = Release|Any CPU
		{C65AD7D8-7FCD-4DA9-8D05-24D6D08B7945}.AppStore|ARM.Build.0 = Release|Any CPU
		{C65AD7D8-7FCD-4DA9-8D05-24D6D08B7945}.AppStore|ARM.Deploy.0 = Release|Any CPU
		{C65AD7D8-7FCD-4DA9-8D05-24D6D08B7945}.AppStore|iPhone.ActiveCfg = Release|Any CPU
		{C65AD7D8-7FCD-4DA9-8D05-24D6D08B7945}.AppStore|iPhone.Build.0 = Release|Any CPU
		{C65AD7D8-7FCD-4DA9-8D05-24D6D08B7945}.AppStore|iPhone.Deploy.0 = Release|Any CPU
		{C65AD7D8-7FCD-4DA9-8D05-24D6D08B7945}.AppStore|iPhoneSimulator.ActiveCfg = Release|Any CPU
		{C65AD7D8-7FCD-4DA9-8D05-24D6D08B7945}.AppStore|iPhoneSimulator.Build.0 = Release|Any CPU
		{C65AD7D8-7FCD-4DA9-8D05-24D6D08B7945}.AppStore|iPhoneSimulator.Deploy.0 = Release|Any CPU
		{C65AD7D8-7FCD-4DA9-8D05-24D6D08B7945}.AppStore|x64.ActiveCfg = Release|Any CPU
		{C65AD7D8-7FCD-4DA9-8D05-24D6D08B7945}.AppStore|x64.Build.0 = Release|Any CPU
		{C65AD7D8-7FCD-4DA9-8D05-24D6D08B7945}.AppStore|x64.Deploy.0 = Release|Any CPU
		{C65AD7D8-7FCD-4DA9-8D05-24D6D08B7945}.AppStore|x86.ActiveCfg = Release|Any CPU
		{C65AD7D8-7FCD-4DA9-8D05-24D6D08B7945}.AppStore|x86.Build.0 = Release|Any CPU
		{C65AD7D8-7FCD-4DA9-8D05-24D6D08B7945}.AppStore|x86.Deploy.0 = Release|Any CPU
		{C65AD7D8-7FCD-4DA9-8D05-24D6D08B7945}.Debug|Any CPU.ActiveCfg = Debug|Any CPU
		{C65AD7D8-7FCD-4DA9-8D05-24D6D08B7945}.Debug|Any CPU.Build.0 = Debug|Any CPU
		{C65AD7D8-7FCD-4DA9-8D05-24D6D08B7945}.Debug|Any CPU.Deploy.0 = Debug|Any CPU
		{C65AD7D8-7FCD-4DA9-8D05-24D6D08B7945}.Debug|ARM.ActiveCfg = Debug|Any CPU
		{C65AD7D8-7FCD-4DA9-8D05-24D6D08B7945}.Debug|ARM.Build.0 = Debug|Any CPU
		{C65AD7D8-7FCD-4DA9-8D05-24D6D08B7945}.Debug|ARM.Deploy.0 = Debug|Any CPU
		{C65AD7D8-7FCD-4DA9-8D05-24D6D08B7945}.Debug|iPhone.ActiveCfg = Debug|Any CPU
		{C65AD7D8-7FCD-4DA9-8D05-24D6D08B7945}.Debug|iPhone.Build.0 = Debug|Any CPU
		{C65AD7D8-7FCD-4DA9-8D05-24D6D08B7945}.Debug|iPhone.Deploy.0 = Debug|Any CPU
		{C65AD7D8-7FCD-4DA9-8D05-24D6D08B7945}.Debug|iPhoneSimulator.ActiveCfg = Debug|Any CPU
		{C65AD7D8-7FCD-4DA9-8D05-24D6D08B7945}.Debug|iPhoneSimulator.Build.0 = Debug|Any CPU
		{C65AD7D8-7FCD-4DA9-8D05-24D6D08B7945}.Debug|iPhoneSimulator.Deploy.0 = Debug|Any CPU
		{C65AD7D8-7FCD-4DA9-8D05-24D6D08B7945}.Debug|x64.ActiveCfg = Debug|Any CPU
		{C65AD7D8-7FCD-4DA9-8D05-24D6D08B7945}.Debug|x64.Build.0 = Debug|Any CPU
		{C65AD7D8-7FCD-4DA9-8D05-24D6D08B7945}.Debug|x64.Deploy.0 = Debug|Any CPU
		{C65AD7D8-7FCD-4DA9-8D05-24D6D08B7945}.Debug|x86.ActiveCfg = Debug|Any CPU
		{C65AD7D8-7FCD-4DA9-8D05-24D6D08B7945}.Debug|x86.Build.0 = Debug|Any CPU
		{C65AD7D8-7FCD-4DA9-8D05-24D6D08B7945}.Debug|x86.Deploy.0 = Debug|Any CPU
		{C65AD7D8-7FCD-4DA9-8D05-24D6D08B7945}.Release|Any CPU.ActiveCfg = Release|Any CPU
		{C65AD7D8-7FCD-4DA9-8D05-24D6D08B7945}.Release|Any CPU.Build.0 = Release|Any CPU
		{C65AD7D8-7FCD-4DA9-8D05-24D6D08B7945}.Release|Any CPU.Deploy.0 = Release|Any CPU
		{C65AD7D8-7FCD-4DA9-8D05-24D6D08B7945}.Release|ARM.ActiveCfg = Release|Any CPU
		{C65AD7D8-7FCD-4DA9-8D05-24D6D08B7945}.Release|ARM.Build.0 = Release|Any CPU
		{C65AD7D8-7FCD-4DA9-8D05-24D6D08B7945}.Release|ARM.Deploy.0 = Release|Any CPU
		{C65AD7D8-7FCD-4DA9-8D05-24D6D08B7945}.Release|iPhone.ActiveCfg = Release|Any CPU
		{C65AD7D8-7FCD-4DA9-8D05-24D6D08B7945}.Release|iPhone.Build.0 = Release|Any CPU
		{C65AD7D8-7FCD-4DA9-8D05-24D6D08B7945}.Release|iPhone.Deploy.0 = Release|Any CPU
		{C65AD7D8-7FCD-4DA9-8D05-24D6D08B7945}.Release|iPhoneSimulator.ActiveCfg = Release|Any CPU
		{C65AD7D8-7FCD-4DA9-8D05-24D6D08B7945}.Release|iPhoneSimulator.Build.0 = Release|Any CPU
		{C65AD7D8-7FCD-4DA9-8D05-24D6D08B7945}.Release|iPhoneSimulator.Deploy.0 = Release|Any CPU
		{C65AD7D8-7FCD-4DA9-8D05-24D6D08B7945}.Release|x64.ActiveCfg = Release|Any CPU
		{C65AD7D8-7FCD-4DA9-8D05-24D6D08B7945}.Release|x64.Build.0 = Release|Any CPU
		{C65AD7D8-7FCD-4DA9-8D05-24D6D08B7945}.Release|x64.Deploy.0 = Release|Any CPU
		{C65AD7D8-7FCD-4DA9-8D05-24D6D08B7945}.Release|x86.ActiveCfg = Release|Any CPU
		{C65AD7D8-7FCD-4DA9-8D05-24D6D08B7945}.Release|x86.Build.0 = Release|Any CPU
		{C65AD7D8-7FCD-4DA9-8D05-24D6D08B7945}.Release|x86.Deploy.0 = Release|Any CPU
		{FD1442B9-3C00-4C1D-86DC-1A18131F882A}.Ad-Hoc|Any CPU.ActiveCfg = Ad-Hoc|iPhone
		{FD1442B9-3C00-4C1D-86DC-1A18131F882A}.Ad-Hoc|Any CPU.Build.0 = Ad-Hoc|iPhone
		{FD1442B9-3C00-4C1D-86DC-1A18131F882A}.Ad-Hoc|Any CPU.Deploy.0 = Ad-Hoc|iPhone
		{FD1442B9-3C00-4C1D-86DC-1A18131F882A}.Ad-Hoc|ARM.ActiveCfg = Ad-Hoc|iPhone
		{FD1442B9-3C00-4C1D-86DC-1A18131F882A}.Ad-Hoc|ARM.Build.0 = Ad-Hoc|iPhone
		{FD1442B9-3C00-4C1D-86DC-1A18131F882A}.Ad-Hoc|ARM.Deploy.0 = Ad-Hoc|iPhone
		{FD1442B9-3C00-4C1D-86DC-1A18131F882A}.Ad-Hoc|iPhone.ActiveCfg = Ad-Hoc|iPhone
		{FD1442B9-3C00-4C1D-86DC-1A18131F882A}.Ad-Hoc|iPhone.Build.0 = Ad-Hoc|iPhone
		{FD1442B9-3C00-4C1D-86DC-1A18131F882A}.Ad-Hoc|iPhone.Deploy.0 = Ad-Hoc|iPhone
		{FD1442B9-3C00-4C1D-86DC-1A18131F882A}.Ad-Hoc|iPhoneSimulator.ActiveCfg = Ad-Hoc|iPhoneSimulator
		{FD1442B9-3C00-4C1D-86DC-1A18131F882A}.Ad-Hoc|iPhoneSimulator.Build.0 = Ad-Hoc|iPhoneSimulator
		{FD1442B9-3C00-4C1D-86DC-1A18131F882A}.Ad-Hoc|iPhoneSimulator.Deploy.0 = Ad-Hoc|iPhoneSimulator
		{FD1442B9-3C00-4C1D-86DC-1A18131F882A}.Ad-Hoc|x64.ActiveCfg = Ad-Hoc|iPhone
		{FD1442B9-3C00-4C1D-86DC-1A18131F882A}.Ad-Hoc|x64.Build.0 = Ad-Hoc|iPhone
		{FD1442B9-3C00-4C1D-86DC-1A18131F882A}.Ad-Hoc|x64.Deploy.0 = Ad-Hoc|iPhone
		{FD1442B9-3C00-4C1D-86DC-1A18131F882A}.Ad-Hoc|x86.ActiveCfg = Ad-Hoc|iPhone
		{FD1442B9-3C00-4C1D-86DC-1A18131F882A}.Ad-Hoc|x86.Build.0 = Ad-Hoc|iPhone
		{FD1442B9-3C00-4C1D-86DC-1A18131F882A}.Ad-Hoc|x86.Deploy.0 = Ad-Hoc|iPhone
		{FD1442B9-3C00-4C1D-86DC-1A18131F882A}.AppStore|Any CPU.ActiveCfg = AppStore|iPhone
		{FD1442B9-3C00-4C1D-86DC-1A18131F882A}.AppStore|Any CPU.Build.0 = AppStore|iPhone
		{FD1442B9-3C00-4C1D-86DC-1A18131F882A}.AppStore|Any CPU.Deploy.0 = AppStore|iPhone
		{FD1442B9-3C00-4C1D-86DC-1A18131F882A}.AppStore|ARM.ActiveCfg = AppStore|iPhone
		{FD1442B9-3C00-4C1D-86DC-1A18131F882A}.AppStore|ARM.Build.0 = AppStore|iPhone
		{FD1442B9-3C00-4C1D-86DC-1A18131F882A}.AppStore|ARM.Deploy.0 = AppStore|iPhone
		{FD1442B9-3C00-4C1D-86DC-1A18131F882A}.AppStore|iPhone.ActiveCfg = AppStore|iPhone
		{FD1442B9-3C00-4C1D-86DC-1A18131F882A}.AppStore|iPhone.Build.0 = AppStore|iPhone
		{FD1442B9-3C00-4C1D-86DC-1A18131F882A}.AppStore|iPhone.Deploy.0 = AppStore|iPhone
		{FD1442B9-3C00-4C1D-86DC-1A18131F882A}.AppStore|iPhoneSimulator.ActiveCfg = AppStore|iPhoneSimulator
		{FD1442B9-3C00-4C1D-86DC-1A18131F882A}.AppStore|iPhoneSimulator.Build.0 = AppStore|iPhoneSimulator
		{FD1442B9-3C00-4C1D-86DC-1A18131F882A}.AppStore|iPhoneSimulator.Deploy.0 = AppStore|iPhoneSimulator
		{FD1442B9-3C00-4C1D-86DC-1A18131F882A}.AppStore|x64.ActiveCfg = AppStore|iPhone
		{FD1442B9-3C00-4C1D-86DC-1A18131F882A}.AppStore|x64.Build.0 = AppStore|iPhone
		{FD1442B9-3C00-4C1D-86DC-1A18131F882A}.AppStore|x64.Deploy.0 = AppStore|iPhone
		{FD1442B9-3C00-4C1D-86DC-1A18131F882A}.AppStore|x86.ActiveCfg = AppStore|iPhone
		{FD1442B9-3C00-4C1D-86DC-1A18131F882A}.AppStore|x86.Build.0 = AppStore|iPhone
		{FD1442B9-3C00-4C1D-86DC-1A18131F882A}.AppStore|x86.Deploy.0 = AppStore|iPhone
		{FD1442B9-3C00-4C1D-86DC-1A18131F882A}.Debug|Any CPU.ActiveCfg = Debug|iPhoneSimulator
		{FD1442B9-3C00-4C1D-86DC-1A18131F882A}.Debug|Any CPU.Build.0 = Debug|iPhoneSimulator
		{FD1442B9-3C00-4C1D-86DC-1A18131F882A}.Debug|Any CPU.Deploy.0 = Debug|iPhoneSimulator
		{FD1442B9-3C00-4C1D-86DC-1A18131F882A}.Debug|ARM.ActiveCfg = Debug|iPhone
		{FD1442B9-3C00-4C1D-86DC-1A18131F882A}.Debug|ARM.Build.0 = Debug|iPhone
		{FD1442B9-3C00-4C1D-86DC-1A18131F882A}.Debug|ARM.Deploy.0 = Debug|iPhone
		{FD1442B9-3C00-4C1D-86DC-1A18131F882A}.Debug|iPhone.ActiveCfg = Debug|iPhone
		{FD1442B9-3C00-4C1D-86DC-1A18131F882A}.Debug|iPhone.Build.0 = Debug|iPhone
		{FD1442B9-3C00-4C1D-86DC-1A18131F882A}.Debug|iPhone.Deploy.0 = Debug|iPhone
		{FD1442B9-3C00-4C1D-86DC-1A18131F882A}.Debug|iPhoneSimulator.ActiveCfg = Debug|iPhoneSimulator
		{FD1442B9-3C00-4C1D-86DC-1A18131F882A}.Debug|iPhoneSimulator.Build.0 = Debug|iPhoneSimulator
		{FD1442B9-3C00-4C1D-86DC-1A18131F882A}.Debug|iPhoneSimulator.Deploy.0 = Debug|iPhoneSimulator
		{FD1442B9-3C00-4C1D-86DC-1A18131F882A}.Debug|x64.ActiveCfg = Debug|iPhone
		{FD1442B9-3C00-4C1D-86DC-1A18131F882A}.Debug|x64.Build.0 = Debug|iPhone
		{FD1442B9-3C00-4C1D-86DC-1A18131F882A}.Debug|x64.Deploy.0 = Debug|iPhone
		{FD1442B9-3C00-4C1D-86DC-1A18131F882A}.Debug|x86.ActiveCfg = Debug|iPhone
		{FD1442B9-3C00-4C1D-86DC-1A18131F882A}.Debug|x86.Build.0 = Debug|iPhone
		{FD1442B9-3C00-4C1D-86DC-1A18131F882A}.Debug|x86.Deploy.0 = Debug|iPhone
		{FD1442B9-3C00-4C1D-86DC-1A18131F882A}.Release|Any CPU.ActiveCfg = Release|iPhone
		{FD1442B9-3C00-4C1D-86DC-1A18131F882A}.Release|Any CPU.Build.0 = Release|iPhone
		{FD1442B9-3C00-4C1D-86DC-1A18131F882A}.Release|Any CPU.Deploy.0 = Release|iPhone
		{FD1442B9-3C00-4C1D-86DC-1A18131F882A}.Release|ARM.ActiveCfg = Release|iPhone
		{FD1442B9-3C00-4C1D-86DC-1A18131F882A}.Release|ARM.Build.0 = Release|iPhone
		{FD1442B9-3C00-4C1D-86DC-1A18131F882A}.Release|ARM.Deploy.0 = Release|iPhone
		{FD1442B9-3C00-4C1D-86DC-1A18131F882A}.Release|iPhone.ActiveCfg = Release|iPhone
		{FD1442B9-3C00-4C1D-86DC-1A18131F882A}.Release|iPhone.Build.0 = Release|iPhone
		{FD1442B9-3C00-4C1D-86DC-1A18131F882A}.Release|iPhone.Deploy.0 = Release|iPhone
		{FD1442B9-3C00-4C1D-86DC-1A18131F882A}.Release|iPhoneSimulator.ActiveCfg = Release|iPhoneSimulator
		{FD1442B9-3C00-4C1D-86DC-1A18131F882A}.Release|iPhoneSimulator.Build.0 = Release|iPhoneSimulator
		{FD1442B9-3C00-4C1D-86DC-1A18131F882A}.Release|iPhoneSimulator.Deploy.0 = Release|iPhoneSimulator
		{FD1442B9-3C00-4C1D-86DC-1A18131F882A}.Release|x64.ActiveCfg = Release|iPhone
		{FD1442B9-3C00-4C1D-86DC-1A18131F882A}.Release|x64.Build.0 = Release|iPhone
		{FD1442B9-3C00-4C1D-86DC-1A18131F882A}.Release|x64.Deploy.0 = Release|iPhone
		{FD1442B9-3C00-4C1D-86DC-1A18131F882A}.Release|x86.ActiveCfg = Release|iPhone
		{FD1442B9-3C00-4C1D-86DC-1A18131F882A}.Release|x86.Build.0 = Release|iPhone
		{FD1442B9-3C00-4C1D-86DC-1A18131F882A}.Release|x86.Deploy.0 = Release|iPhone
		{8C3208E0-B69D-4B04-941E-3768E28B6E41}.Ad-Hoc|Any CPU.ActiveCfg = Release|x86
		{8C3208E0-B69D-4B04-941E-3768E28B6E41}.Ad-Hoc|Any CPU.Build.0 = Release|x86
		{8C3208E0-B69D-4B04-941E-3768E28B6E41}.Ad-Hoc|Any CPU.Deploy.0 = Release|x86
		{8C3208E0-B69D-4B04-941E-3768E28B6E41}.Ad-Hoc|ARM.ActiveCfg = Release|ARM
		{8C3208E0-B69D-4B04-941E-3768E28B6E41}.Ad-Hoc|ARM.Build.0 = Release|ARM
		{8C3208E0-B69D-4B04-941E-3768E28B6E41}.Ad-Hoc|ARM.Deploy.0 = Release|ARM
		{8C3208E0-B69D-4B04-941E-3768E28B6E41}.Ad-Hoc|iPhone.ActiveCfg = Release|x86
		{8C3208E0-B69D-4B04-941E-3768E28B6E41}.Ad-Hoc|iPhone.Build.0 = Release|x86
		{8C3208E0-B69D-4B04-941E-3768E28B6E41}.Ad-Hoc|iPhone.Deploy.0 = Release|x86
		{8C3208E0-B69D-4B04-941E-3768E28B6E41}.Ad-Hoc|iPhoneSimulator.ActiveCfg = Release|x86
		{8C3208E0-B69D-4B04-941E-3768E28B6E41}.Ad-Hoc|iPhoneSimulator.Build.0 = Release|x86
		{8C3208E0-B69D-4B04-941E-3768E28B6E41}.Ad-Hoc|iPhoneSimulator.Deploy.0 = Release|x86
		{8C3208E0-B69D-4B04-941E-3768E28B6E41}.Ad-Hoc|x64.ActiveCfg = Release|x64
		{8C3208E0-B69D-4B04-941E-3768E28B6E41}.Ad-Hoc|x64.Build.0 = Release|x64
		{8C3208E0-B69D-4B04-941E-3768E28B6E41}.Ad-Hoc|x64.Deploy.0 = Release|x64
		{8C3208E0-B69D-4B04-941E-3768E28B6E41}.Ad-Hoc|x86.ActiveCfg = Release|x86
		{8C3208E0-B69D-4B04-941E-3768E28B6E41}.Ad-Hoc|x86.Build.0 = Release|x86
		{8C3208E0-B69D-4B04-941E-3768E28B6E41}.Ad-Hoc|x86.Deploy.0 = Release|x86
		{8C3208E0-B69D-4B04-941E-3768E28B6E41}.AppStore|Any CPU.ActiveCfg = Release|x86
		{8C3208E0-B69D-4B04-941E-3768E28B6E41}.AppStore|Any CPU.Build.0 = Release|x86
		{8C3208E0-B69D-4B04-941E-3768E28B6E41}.AppStore|Any CPU.Deploy.0 = Release|x86
		{8C3208E0-B69D-4B04-941E-3768E28B6E41}.AppStore|ARM.ActiveCfg = Release|ARM
		{8C3208E0-B69D-4B04-941E-3768E28B6E41}.AppStore|ARM.Build.0 = Release|ARM
		{8C3208E0-B69D-4B04-941E-3768E28B6E41}.AppStore|ARM.Deploy.0 = Release|ARM
		{8C3208E0-B69D-4B04-941E-3768E28B6E41}.AppStore|iPhone.ActiveCfg = Release|x86
		{8C3208E0-B69D-4B04-941E-3768E28B6E41}.AppStore|iPhone.Build.0 = Release|x86
		{8C3208E0-B69D-4B04-941E-3768E28B6E41}.AppStore|iPhone.Deploy.0 = Release|x86
		{8C3208E0-B69D-4B04-941E-3768E28B6E41}.AppStore|iPhoneSimulator.ActiveCfg = Release|x86
		{8C3208E0-B69D-4B04-941E-3768E28B6E41}.AppStore|iPhoneSimulator.Build.0 = Release|x86
		{8C3208E0-B69D-4B04-941E-3768E28B6E41}.AppStore|iPhoneSimulator.Deploy.0 = Release|x86
		{8C3208E0-B69D-4B04-941E-3768E28B6E41}.AppStore|x64.ActiveCfg = Release|x64
		{8C3208E0-B69D-4B04-941E-3768E28B6E41}.AppStore|x64.Build.0 = Release|x64
		{8C3208E0-B69D-4B04-941E-3768E28B6E41}.AppStore|x64.Deploy.0 = Release|x64
		{8C3208E0-B69D-4B04-941E-3768E28B6E41}.AppStore|x86.ActiveCfg = Release|x86
		{8C3208E0-B69D-4B04-941E-3768E28B6E41}.AppStore|x86.Build.0 = Release|x86
		{8C3208E0-B69D-4B04-941E-3768E28B6E41}.AppStore|x86.Deploy.0 = Release|x86
		{8C3208E0-B69D-4B04-941E-3768E28B6E41}.Debug|Any CPU.ActiveCfg = Debug|x86
		{8C3208E0-B69D-4B04-941E-3768E28B6E41}.Debug|Any CPU.Build.0 = Debug|x86
		{8C3208E0-B69D-4B04-941E-3768E28B6E41}.Debug|Any CPU.Deploy.0 = Debug|x86
		{8C3208E0-B69D-4B04-941E-3768E28B6E41}.Debug|ARM.ActiveCfg = Debug|ARM
		{8C3208E0-B69D-4B04-941E-3768E28B6E41}.Debug|ARM.Build.0 = Debug|ARM
		{8C3208E0-B69D-4B04-941E-3768E28B6E41}.Debug|ARM.Deploy.0 = Debug|ARM
		{8C3208E0-B69D-4B04-941E-3768E28B6E41}.Debug|iPhone.ActiveCfg = Debug|x86
		{8C3208E0-B69D-4B04-941E-3768E28B6E41}.Debug|iPhone.Build.0 = Debug|x86
		{8C3208E0-B69D-4B04-941E-3768E28B6E41}.Debug|iPhone.Deploy.0 = Debug|x86
		{8C3208E0-B69D-4B04-941E-3768E28B6E41}.Debug|iPhoneSimulator.ActiveCfg = Debug|x86
		{8C3208E0-B69D-4B04-941E-3768E28B6E41}.Debug|iPhoneSimulator.Build.0 = Debug|x86
		{8C3208E0-B69D-4B04-941E-3768E28B6E41}.Debug|iPhoneSimulator.Deploy.0 = Debug|x86
		{8C3208E0-B69D-4B04-941E-3768E28B6E41}.Debug|x64.ActiveCfg = Debug|x64
		{8C3208E0-B69D-4B04-941E-3768E28B6E41}.Debug|x64.Build.0 = Debug|x64
		{8C3208E0-B69D-4B04-941E-3768E28B6E41}.Debug|x64.Deploy.0 = Debug|x64
		{8C3208E0-B69D-4B04-941E-3768E28B6E41}.Debug|x86.ActiveCfg = Debug|x86
		{8C3208E0-B69D-4B04-941E-3768E28B6E41}.Debug|x86.Build.0 = Debug|x86
		{8C3208E0-B69D-4B04-941E-3768E28B6E41}.Debug|x86.Deploy.0 = Debug|x86
		{8C3208E0-B69D-4B04-941E-3768E28B6E41}.Release|Any CPU.ActiveCfg = Release|x86
		{8C3208E0-B69D-4B04-941E-3768E28B6E41}.Release|Any CPU.Build.0 = Release|x86
		{8C3208E0-B69D-4B04-941E-3768E28B6E41}.Release|Any CPU.Deploy.0 = Release|x86
		{8C3208E0-B69D-4B04-941E-3768E28B6E41}.Release|ARM.ActiveCfg = Release|ARM
		{8C3208E0-B69D-4B04-941E-3768E28B6E41}.Release|ARM.Build.0 = Release|ARM
		{8C3208E0-B69D-4B04-941E-3768E28B6E41}.Release|ARM.Deploy.0 = Release|ARM
		{8C3208E0-B69D-4B04-941E-3768E28B6E41}.Release|iPhone.ActiveCfg = Release|x86
		{8C3208E0-B69D-4B04-941E-3768E28B6E41}.Release|iPhone.Build.0 = Release|x86
		{8C3208E0-B69D-4B04-941E-3768E28B6E41}.Release|iPhone.Deploy.0 = Release|x86
		{8C3208E0-B69D-4B04-941E-3768E28B6E41}.Release|iPhoneSimulator.ActiveCfg = Release|x86
		{8C3208E0-B69D-4B04-941E-3768E28B6E41}.Release|iPhoneSimulator.Build.0 = Release|x86
		{8C3208E0-B69D-4B04-941E-3768E28B6E41}.Release|iPhoneSimulator.Deploy.0 = Release|x86
		{8C3208E0-B69D-4B04-941E-3768E28B6E41}.Release|x64.ActiveCfg = Release|x64
		{8C3208E0-B69D-4B04-941E-3768E28B6E41}.Release|x64.Build.0 = Release|x64
		{8C3208E0-B69D-4B04-941E-3768E28B6E41}.Release|x64.Deploy.0 = Release|x64
		{8C3208E0-B69D-4B04-941E-3768E28B6E41}.Release|x86.ActiveCfg = Release|x86
		{8C3208E0-B69D-4B04-941E-3768E28B6E41}.Release|x86.Build.0 = Release|x86
		{8C3208E0-B69D-4B04-941E-3768E28B6E41}.Release|x86.Deploy.0 = Release|x86
		{153E3C30-ED14-49F8-80FC-5248F62797FC}.Ad-Hoc|Any CPU.ActiveCfg = Debug|Any CPU
		{153E3C30-ED14-49F8-80FC-5248F62797FC}.Ad-Hoc|Any CPU.Build.0 = Debug|Any CPU
		{153E3C30-ED14-49F8-80FC-5248F62797FC}.Ad-Hoc|Any CPU.Deploy.0 = Debug|Any CPU
		{153E3C30-ED14-49F8-80FC-5248F62797FC}.Ad-Hoc|ARM.ActiveCfg = Debug|Any CPU
		{153E3C30-ED14-49F8-80FC-5248F62797FC}.Ad-Hoc|ARM.Build.0 = Debug|Any CPU
		{153E3C30-ED14-49F8-80FC-5248F62797FC}.Ad-Hoc|ARM.Deploy.0 = Debug|Any CPU
		{153E3C30-ED14-49F8-80FC-5248F62797FC}.Ad-Hoc|iPhone.ActiveCfg = Debug|Any CPU
		{153E3C30-ED14-49F8-80FC-5248F62797FC}.Ad-Hoc|iPhone.Build.0 = Debug|Any CPU
		{153E3C30-ED14-49F8-80FC-5248F62797FC}.Ad-Hoc|iPhone.Deploy.0 = Debug|Any CPU
		{153E3C30-ED14-49F8-80FC-5248F62797FC}.Ad-Hoc|iPhoneSimulator.ActiveCfg = Debug|Any CPU
		{153E3C30-ED14-49F8-80FC-5248F62797FC}.Ad-Hoc|iPhoneSimulator.Build.0 = Debug|Any CPU
		{153E3C30-ED14-49F8-80FC-5248F62797FC}.Ad-Hoc|iPhoneSimulator.Deploy.0 = Debug|Any CPU
		{153E3C30-ED14-49F8-80FC-5248F62797FC}.Ad-Hoc|x64.ActiveCfg = Debug|Any CPU
		{153E3C30-ED14-49F8-80FC-5248F62797FC}.Ad-Hoc|x64.Build.0 = Debug|Any CPU
		{153E3C30-ED14-49F8-80FC-5248F62797FC}.Ad-Hoc|x64.Deploy.0 = Debug|Any CPU
		{153E3C30-ED14-49F8-80FC-5248F62797FC}.Ad-Hoc|x86.ActiveCfg = Debug|Any CPU
		{153E3C30-ED14-49F8-80FC-5248F62797FC}.Ad-Hoc|x86.Build.0 = Debug|Any CPU
		{153E3C30-ED14-49F8-80FC-5248F62797FC}.Ad-Hoc|x86.Deploy.0 = Debug|Any CPU
		{153E3C30-ED14-49F8-80FC-5248F62797FC}.AppStore|Any CPU.ActiveCfg = Debug|Any CPU
		{153E3C30-ED14-49F8-80FC-5248F62797FC}.AppStore|Any CPU.Build.0 = Debug|Any CPU
		{153E3C30-ED14-49F8-80FC-5248F62797FC}.AppStore|Any CPU.Deploy.0 = Debug|Any CPU
		{153E3C30-ED14-49F8-80FC-5248F62797FC}.AppStore|ARM.ActiveCfg = Debug|Any CPU
		{153E3C30-ED14-49F8-80FC-5248F62797FC}.AppStore|ARM.Build.0 = Debug|Any CPU
		{153E3C30-ED14-49F8-80FC-5248F62797FC}.AppStore|ARM.Deploy.0 = Debug|Any CPU
		{153E3C30-ED14-49F8-80FC-5248F62797FC}.AppStore|iPhone.ActiveCfg = Debug|Any CPU
		{153E3C30-ED14-49F8-80FC-5248F62797FC}.AppStore|iPhone.Build.0 = Debug|Any CPU
		{153E3C30-ED14-49F8-80FC-5248F62797FC}.AppStore|iPhone.Deploy.0 = Debug|Any CPU
		{153E3C30-ED14-49F8-80FC-5248F62797FC}.AppStore|iPhoneSimulator.ActiveCfg = Debug|Any CPU
		{153E3C30-ED14-49F8-80FC-5248F62797FC}.AppStore|iPhoneSimulator.Build.0 = Debug|Any CPU
		{153E3C30-ED14-49F8-80FC-5248F62797FC}.AppStore|iPhoneSimulator.Deploy.0 = Debug|Any CPU
		{153E3C30-ED14-49F8-80FC-5248F62797FC}.AppStore|x64.ActiveCfg = Debug|Any CPU
		{153E3C30-ED14-49F8-80FC-5248F62797FC}.AppStore|x64.Build.0 = Debug|Any CPU
		{153E3C30-ED14-49F8-80FC-5248F62797FC}.AppStore|x64.Deploy.0 = Debug|Any CPU
		{153E3C30-ED14-49F8-80FC-5248F62797FC}.AppStore|x86.ActiveCfg = Debug|Any CPU
		{153E3C30-ED14-49F8-80FC-5248F62797FC}.AppStore|x86.Build.0 = Debug|Any CPU
		{153E3C30-ED14-49F8-80FC-5248F62797FC}.AppStore|x86.Deploy.0 = Debug|Any CPU
		{153E3C30-ED14-49F8-80FC-5248F62797FC}.Debug|Any CPU.ActiveCfg = Debug|Any CPU
		{153E3C30-ED14-49F8-80FC-5248F62797FC}.Debug|Any CPU.Build.0 = Debug|Any CPU
		{153E3C30-ED14-49F8-80FC-5248F62797FC}.Debug|Any CPU.Deploy.0 = Debug|Any CPU
		{153E3C30-ED14-49F8-80FC-5248F62797FC}.Debug|ARM.ActiveCfg = Debug|Any CPU
		{153E3C30-ED14-49F8-80FC-5248F62797FC}.Debug|ARM.Build.0 = Debug|Any CPU
		{153E3C30-ED14-49F8-80FC-5248F62797FC}.Debug|ARM.Deploy.0 = Debug|Any CPU
		{153E3C30-ED14-49F8-80FC-5248F62797FC}.Debug|iPhone.ActiveCfg = Debug|Any CPU
		{153E3C30-ED14-49F8-80FC-5248F62797FC}.Debug|iPhone.Build.0 = Debug|Any CPU
		{153E3C30-ED14-49F8-80FC-5248F62797FC}.Debug|iPhone.Deploy.0 = Debug|Any CPU
		{153E3C30-ED14-49F8-80FC-5248F62797FC}.Debug|iPhoneSimulator.ActiveCfg = Debug|Any CPU
		{153E3C30-ED14-49F8-80FC-5248F62797FC}.Debug|iPhoneSimulator.Build.0 = Debug|Any CPU
		{153E3C30-ED14-49F8-80FC-5248F62797FC}.Debug|iPhoneSimulator.Deploy.0 = Debug|Any CPU
		{153E3C30-ED14-49F8-80FC-5248F62797FC}.Debug|x64.ActiveCfg = Debug|Any CPU
		{153E3C30-ED14-49F8-80FC-5248F62797FC}.Debug|x64.Build.0 = Debug|Any CPU
		{153E3C30-ED14-49F8-80FC-5248F62797FC}.Debug|x64.Deploy.0 = Debug|Any CPU
		{153E3C30-ED14-49F8-80FC-5248F62797FC}.Debug|x86.ActiveCfg = Debug|Any CPU
		{153E3C30-ED14-49F8-80FC-5248F62797FC}.Debug|x86.Build.0 = Debug|Any CPU
		{153E3C30-ED14-49F8-80FC-5248F62797FC}.Debug|x86.Deploy.0 = Debug|Any CPU
		{153E3C30-ED14-49F8-80FC-5248F62797FC}.Release|Any CPU.ActiveCfg = Release|Any CPU
		{153E3C30-ED14-49F8-80FC-5248F62797FC}.Release|Any CPU.Build.0 = Release|Any CPU
		{153E3C30-ED14-49F8-80FC-5248F62797FC}.Release|Any CPU.Deploy.0 = Release|Any CPU
		{153E3C30-ED14-49F8-80FC-5248F62797FC}.Release|ARM.ActiveCfg = Release|Any CPU
		{153E3C30-ED14-49F8-80FC-5248F62797FC}.Release|ARM.Build.0 = Release|Any CPU
		{153E3C30-ED14-49F8-80FC-5248F62797FC}.Release|ARM.Deploy.0 = Release|Any CPU
		{153E3C30-ED14-49F8-80FC-5248F62797FC}.Release|iPhone.ActiveCfg = Release|Any CPU
		{153E3C30-ED14-49F8-80FC-5248F62797FC}.Release|iPhone.Build.0 = Release|Any CPU
		{153E3C30-ED14-49F8-80FC-5248F62797FC}.Release|iPhone.Deploy.0 = Release|Any CPU
		{153E3C30-ED14-49F8-80FC-5248F62797FC}.Release|iPhoneSimulator.ActiveCfg = Release|Any CPU
		{153E3C30-ED14-49F8-80FC-5248F62797FC}.Release|iPhoneSimulator.Build.0 = Release|Any CPU
		{153E3C30-ED14-49F8-80FC-5248F62797FC}.Release|iPhoneSimulator.Deploy.0 = Release|Any CPU
		{153E3C30-ED14-49F8-80FC-5248F62797FC}.Release|x64.ActiveCfg = Release|Any CPU
		{153E3C30-ED14-49F8-80FC-5248F62797FC}.Release|x64.Build.0 = Release|Any CPU
		{153E3C30-ED14-49F8-80FC-5248F62797FC}.Release|x64.Deploy.0 = Release|Any CPU
		{153E3C30-ED14-49F8-80FC-5248F62797FC}.Release|x86.ActiveCfg = Release|Any CPU
		{153E3C30-ED14-49F8-80FC-5248F62797FC}.Release|x86.Build.0 = Release|Any CPU
		{153E3C30-ED14-49F8-80FC-5248F62797FC}.Release|x86.Deploy.0 = Release|Any CPU
	EndGlobalSection
	GlobalSection(SolutionProperties) = preSolution
		HideSolutionNode = FALSE
	EndGlobalSection
	GlobalSection(ExtensibilityGlobals) = postSolution
		SolutionGuid = {C3FA8059-7493-4B5E-9359-84E0F3789E7E}
	EndGlobalSection
EndGlobal
